
Microsoft Visual Studio Solution File, Format Version 11.00
# Visual Web Developer Express 2010
Project("{FAE04EC0-301F-11D3-BF4B-00C04F79EFBC}") = "ElectronicGadgets Marketplace", "ElectronicGadgets Marketplace\ElectronicGadgets Marketplace.csproj", "{B00B7BBA-29A1-4B1D-BD66-24C5C8B428FB}"
EndProject
Global
	GlobalSection(SolutionConfigurationPlatforms) = preSolution
		Debug|Any CPU = Debug|Any CPU
		Release|Any CPU = Release|Any CPU
	EndGlobalSection
	GlobalSection(ProjectConfigurationPlatforms) = postSolution
		{B00B7BBA-29A1-4B1D-BD66-24C5C8B428FB}.Debug|Any CPU.ActiveCfg = Debug|Any CPU
		{B00B7BBA-29A1-4B1D-BD66-24C5C8B428FB}.Debug|Any CPU.Build.0 = Debug|Any CPU
		{B00B7BBA-29A1-4B1D-BD66-24C5C8B428FB}.Release|Any CPU.ActiveCfg = Release|Any CPU
		{B00B7BBA-29A1-4B1D-BD66-24C5C8B428FB}.Release|Any CPU.Build.0 = Release|Any CPU
	EndGlobalSection
	GlobalSection(SolutionProperties) = preSolution
		HideSolutionNode = FALSE
	EndGlobalSection
EndGlobal
